// !$*UTF8*$!
{
	archiveVersion = 1;
	classes = {
	};
	objectVersion = 56;
	objects = {

/* Begin PBXBuildFile section */
		74A77ED92CE089BF00F4C681 /* AppDelegate.swift in Sources */ = {isa = PBXBuildFile; fileRef = 74A77ED82CE089BF00F4C681 /* AppDelegate.swift */; };
		74A77EDB2CE089BF00F4C681 /* SceneDelegate.swift in Sources */ = {isa = PBXBuildFile; fileRef = 74A77EDA2CE089BF00F4C681 /* SceneDelegate.swift */; };
		74A77EDD2CE089BF00F4C681 /* LoginViewController.swift in Sources */ = {isa = PBXBuildFile; fileRef = 74A77EDC2CE089BF00F4C681 /* LoginViewController.swift */; };
		74A77EE22CE089C200F4C681 /* Assets.xcassets in Resources */ = {isa = PBXBuildFile; fileRef = 74A77EE12CE089C200F4C681 /* Assets.xcassets */; };
		74A77EE52CE089C200F4C681 /* Base in Resources */ = {isa = PBXBuildFile; fileRef = 74A77EE42CE089C200F4C681 /* Base */; };
		74A77EEE2CE0974A00F4C681 /* MemberCoreData.xcdatamodeld in Sources */ = {isa = PBXBuildFile; fileRef = 74A77EEC2CE0974A00F4C681 /* MemberCoreData.xcdatamodeld */; };
		74A77EF52CE09AD100F4C681 /* Member+CoreDataClass.swift in Sources */ = {isa = PBXBuildFile; fileRef = 74A77EF32CE09AD100F4C681 /* Member+CoreDataClass.swift */; };
		74A77EF62CE09AD100F4C681 /* Member+CoreDataProperties.swift in Sources */ = {isa = PBXBuildFile; fileRef = 74A77EF42CE09AD100F4C681 /* Member+CoreDataProperties.swift */; };
		74A77EF82CE09C4F00F4C681 /* LoginView.swift in Sources */ = {isa = PBXBuildFile; fileRef = 74A77EF72CE09C4F00F4C681 /* LoginView.swift */; };
/* End PBXBuildFile section */

/* Begin PBXFileReference section */
		74A77ED52CE089BF00F4C681 /* MemberProject.app */ = {isa = PBXFileReference; explicitFileType = wrapper.application; includeInIndex = 0; path = MemberProject.app; sourceTree = BUILT_PRODUCTS_DIR; };
		74A77ED82CE089BF00F4C681 /* AppDelegate.swift */ = {isa = PBXFileReference; lastKnownFileType = sourcecode.swift; path = AppDelegate.swift; sourceTree = "<group>"; };
		74A77EDA2CE089BF00F4C681 /* SceneDelegate.swift */ = {isa = PBXFileReference; lastKnownFileType = sourcecode.swift; path = SceneDelegate.swift; sourceTree = "<group>"; };
		74A77EDC2CE089BF00F4C681 /* LoginViewController.swift */ = {isa = PBXFileReference; lastKnownFileType = sourcecode.swift; path = LoginViewController.swift; sourceTree = "<group>"; };
		74A77EE12CE089C200F4C681 /* Assets.xcassets */ = {isa = PBXFileReference; lastKnownFileType = folder.assetcatalog; path = Assets.xcassets; sourceTree = "<group>"; };
		74A77EE42CE089C200F4C681 /* Base */ = {isa = PBXFileReference; lastKnownFileType = file.storyboard; name = Base; path = Base.lproj/LaunchScreen.storyboard; sourceTree = "<group>"; };
		74A77EE62CE089C200F4C681 /* Info.plist */ = {isa = PBXFileReference; lastKnownFileType = text.plist.xml; path = Info.plist; sourceTree = "<group>"; };
		74A77EED2CE0974A00F4C681 /* MemberCoreData.xcdatamodel */ = {isa = PBXFileReference; lastKnownFileType = wrapper.xcdatamodel; path = MemberCoreData.xcdatamodel; sourceTree = "<group>"; };
		74A77EF32CE09AD100F4C681 /* Member+CoreDataClass.swift */ = {isa = PBXFileReference; lastKnownFileType = sourcecode.swift; path = "Member+CoreDataClass.swift"; sourceTree = "<group>"; };
		74A77EF42CE09AD100F4C681 /* Member+CoreDataProperties.swift */ = {isa = PBXFileReference; lastKnownFileType = sourcecode.swift; path = "Member+CoreDataProperties.swift"; sourceTree = "<group>"; };
		74A77EF72CE09C4F00F4C681 /* LoginView.swift */ = {isa = PBXFileReference; lastKnownFileType = sourcecode.swift; path = LoginView.swift; sourceTree = "<group>"; };
/* End PBXFileReference section */

/* Begin PBXFrameworksBuildPhase section */
		74A77ED22CE089BF00F4C681 /* Frameworks */ = {
			isa = PBXFrameworksBuildPhase;
			buildActionMask = 2147483647;
			files = (
			);
			runOnlyForDeploymentPostprocessing = 0;
		};
/* End PBXFrameworksBuildPhase section */

/* Begin PBXGroup section */
		74A77ECC2CE089BF00F4C681 = {
			isa = PBXGroup;
			children = (
				74A77ED72CE089BF00F4C681 /* MemberProject */,
				74A77ED62CE089BF00F4C681 /* Products */,
			);
			sourceTree = "<group>";
		};
		74A77ED62CE089BF00F4C681 /* Products */ = {
			isa = PBXGroup;
			children = (
				74A77ED52CE089BF00F4C681 /* MemberProject.app */,
			);
			name = Products;
			sourceTree = "<group>";
		};
		74A77ED72CE089BF00F4C681 /* MemberProject */ = {
			isa = PBXGroup;
			children = (
				74A77ED82CE089BF00F4C681 /* AppDelegate.swift */,
				74A77EDA2CE089BF00F4C681 /* SceneDelegate.swift */,
				74A77EF02CE0998E00F4C681 /* Login */,
				74A77EF22CE099D500F4C681 /* Model */,
				74A77EE12CE089C200F4C681 /* Assets.xcassets */,
				74A77EE32CE089C200F4C681 /* LaunchScreen.storyboard */,
				74A77EE62CE089C200F4C681 /* Info.plist */,
				74A77EEC2CE0974A00F4C681 /* MemberCoreData.xcdatamodeld */,
			);
			path = MemberProject;
			sourceTree = "<group>";
		};
		74A77EEF2CE0997B00F4C681 /* Controller */ = {
			isa = PBXGroup;
			children = (
				74A77EDC2CE089BF00F4C681 /* LoginViewController.swift */,
			);
			path = Controller;
			sourceTree = "<group>";
		};
		74A77EF02CE0998E00F4C681 /* Login */ = {
			isa = PBXGroup;
			children = (
				74A77EEF2CE0997B00F4C681 /* Controller */,
				74A77EF12CE099BF00F4C681 /* View */,
			);
			path = Login;
			sourceTree = "<group>";
		};
		74A77EF12CE099BF00F4C681 /* View */ = {
			isa = PBXGroup;
			children = (
				74A77EF72CE09C4F00F4C681 /* LoginView.swift */,
			);
			path = View;
			sourceTree = "<group>";
		};
		74A77EF22CE099D500F4C681 /* Model */ = {
			isa = PBXGroup;
			children = (
				74A77EF32CE09AD100F4C681 /* Member+CoreDataClass.swift */,
				74A77EF42CE09AD100F4C681 /* Member+CoreDataProperties.swift */,
			);
			path = Model;
			sourceTree = "<group>";
		};
/* End PBXGroup section */

/* Begin PBXNativeTarget section */
		74A77ED42CE089BF00F4C681 /* MemberProject */ = {
			isa = PBXNativeTarget;
			buildConfigurationList = 74A77EE92CE089C200F4C681 /* Build configuration list for PBXNativeTarget "MemberProject" */;
			buildPhases = (
				74A77ED12CE089BF00F4C681 /* Sources */,
				74A77ED22CE089BF00F4C681 /* Frameworks */,
				74A77ED32CE089BF00F4C681 /* Resources */,
			);
			buildRules = (
			);
			dependencies = (
			);
			name = MemberProject;
			productName = MemberProject;
			productReference = 74A77ED52CE089BF00F4C681 /* MemberProject.app */;
			productType = "com.apple.product-type.application";
		};
/* End PBXNativeTarget section */

/* Begin PBXProject section */
		74A77ECD2CE089BF00F4C681 /* Project object */ = {
			isa = PBXProject;
			attributes = {
				BuildIndependentTargetsInParallel = 1;
				LastSwiftUpdateCheck = 1540;
				LastUpgradeCheck = 1540;
				TargetAttributes = {
					74A77ED42CE089BF00F4C681 = {
						CreatedOnToolsVersion = 15.4;
					};
				};
			};
			buildConfigurationList = 74A77ED02CE089BF00F4C681 /* Build configuration list for PBXProject "MemberProject" */;
			compatibilityVersion = "Xcode 14.0";
			developmentRegion = en;
			hasScannedForEncodings = 0;
			knownRegions = (
				en,
				Base,
			);
			mainGroup = 74A77ECC2CE089BF00F4C681;
			productRefGroup = 74A77ED62CE089BF00F4C681 /* Products */;
			projectDirPath = "";
			projectRoot = "";
			targets = (
				74A77ED42CE089BF00F4C681 /* MemberProject */,
			);
		};
/* End PBXProject section */

/* Begin PBXResourcesBuildPhase section */
		74A77ED32CE089BF00F4C681 /* Resources */ = {
			isa = PBXResourcesBuildPhase;
			buildActionMask = 2147483647;
			files = (
				74A77EE22CE089C200F4C681 /* Assets.xcassets in Resources */,
				74A77EE52CE089C200F4C681 /* Base in Resources */,
			);
			runOnlyForDeploymentPostprocessing = 0;
		};
/* End PBXResourcesBuildPhase section */

/* Begin PBXSourcesBuildPhase section */
		74A77ED12CE089BF00F4C681 /* Sources */ = {
			isa = PBXSourcesBuildPhase;
			buildActionMask = 2147483647;
			files = (
				74A77EDD2CE089BF00F4C681 /* LoginViewController.swift in Sources */,
				74A77EF82CE09C4F00F4C681 /* LoginView.swift in Sources */,
				74A77ED92CE089BF00F4C681 /* AppDelegate.swift in Sources */,
				74A77EEE2CE0974A00F4C681 /* MemberCoreData.xcdatamodeld in Sources */,
				74A77EF52CE09AD100F4C681 /* Member+CoreDataClass.swift in Sources */,
				74A77EF62CE09AD100F4C681 /* Member+CoreDataProperties.swift in Sources */,
				74A77EDB2CE089BF00F4C681 /* SceneDelegate.swift in Sources */,
			);
			runOnlyForDeploymentPostprocessing = 0;
		};
/* End PBXSourcesBuildPhase section */

/* Begin PBXVariantGroup section */
		74A77EE32CE089C200F4C681 /* LaunchScreen.storyboard */ = {
			isa = PBXVariantGroup;
			children = (
				74A77EE42CE089C200F4C681 /* Base */,
			);
			name = LaunchScreen.storyboard;
			sourceTree = "<group>";
		};
/* End PBXVariantGroup section */

/* Begin XCBuildConfiguration section */
		74A77EE72CE089C200F4C681 /* Debug */ = {
			isa = XCBuildConfiguration;
			buildSettings = {
				ALWAYS_SEARCH_USER_PATHS = NO;
				ASSETCATALOG_COMPILER_GENERATE_SWIFT_ASSET_SYMBOL_EXTENSIONS = YES;
				CLANG_ANALYZER_NONNULL = YES;
				CLANG_ANALYZER_NUMBER_OBJECT_CONVERSION = YES_AGGRESSIVE;
				CLANG_CXX_LANGUAGE_STANDARD = "gnu++20";
				CLANG_ENABLE_MODULES = YES;
				CLANG_ENABLE_OBJC_ARC = YES;
				CLANG_ENABLE_OBJC_WEAK = YES;
				CLANG_WARN_BLOCK_CAPTURE_AUTORELEASING = YES;
				CLANG_WARN_BOOL_CONVERSION = YES;
				CLANG_WARN_COMMA = YES;
				CLANG_WARN_CONSTANT_CONVERSION = YES;
				CLANG_WARN_DEPRECATED_OBJC_IMPLEMENTATIONS = YES;
				CLANG_WARN_DIRECT_OBJC_ISA_USAGE = YES_ERROR;
				CLANG_WARN_DOCUMENTATION_COMMENTS = YES;
				CLANG_WARN_EMPTY_BODY = YES;
				CLANG_WARN_ENUM_CONVERSION = YES;
				CLANG_WARN_INFINITE_RECURSION = YES;
				CLANG_WARN_INT_CONVERSION = YES;
				CLANG_WARN_NON_LITERAL_NULL_CONVERSION = YES;
				CLANG_WARN_OBJC_IMPLICIT_RETAIN_SELF = YES;
				CLANG_WARN_OBJC_LITERAL_CONVERSION = YES;
				CLANG_WARN_OBJC_ROOT_CLASS = YES_ERROR;
				CLANG_WARN_QUOTED_INCLUDE_IN_FRAMEWORK_HEADER = YES;
				CLANG_WARN_RANGE_LOOP_ANALYSIS = YES;
				CLANG_WARN_STRICT_PROTOTYPES = YES;
				CLANG_WARN_SUSPICIOUS_MOVE = YES;
				CLANG_WARN_UNGUARDED_AVAILABILITY = YES_AGGRESSIVE;
				CLANG_WARN_UNREACHABLE_CODE = YES;
				CLANG_WARN__DUPLICATE_METHOD_MATCH = YES;
				COPY_PHASE_STRIP = NO;
				DEBUG_INFORMATION_FORMAT = dwarf;
				ENABLE_STRICT_OBJC_MSGSEND = YES;
				ENABLE_TESTABILITY = YES;
				ENABLE_USER_SCRIPT_SANDBOXING = YES;
				GCC_C_LANGUAGE_STANDARD = gnu17;
				GCC_DYNAMIC_NO_PIC = NO;
				GCC_NO_COMMON_BLOCKS = YES;
				GCC_OPTIMIZATION_LEVEL = 0;
				GCC_PREPROCESSOR_DEFINITIONS = (
					"DEBUG=1",
					"$(inherited)",
				);
				GCC_WARN_64_TO_32_BIT_CONVERSION = YES;
				GCC_WARN_ABOUT_RETURN_TYPE = YES_ERROR;
				GCC_WARN_UNDECLARED_SELECTOR = YES;
				GCC_WARN_UNINITIALIZED_AUTOS = YES_AGGRESSIVE;
				GCC_WARN_UNUSED_FUNCTION = YES;
				GCC_WARN_UNUSED_VARIABLE = YES;
				IPHONEOS_DEPLOYMENT_TARGET = 17.5;
				LOCALIZATION_PREFERS_STRING_CATALOGS = YES;
				MTL_ENABLE_DEBUG_INFO = INCLUDE_SOURCE;
				MTL_FAST_MATH = YES;
				ONLY_ACTIVE_ARCH = YES;
				SDKROOT = iphoneos;
				SWIFT_ACTIVE_COMPILATION_CONDITIONS = "DEBUG $(inherited)";
				SWIFT_OPTIMIZATION_LEVEL = "-Onone";
			};
			name = Debug;
		};
		74A77EE82CE089C200F4C681 /* Release */ = {
			isa = XCBuildConfiguration;
			buildSettings = {
				ALWAYS_SEARCH_USER_PATHS = NO;
				ASSETCATALOG_COMPILER_GENERATE_SWIFT_ASSET_SYMBOL_EXTENSIONS = YES;
				CLANG_ANALYZER_NONNULL = YES;
				CLANG_ANALYZER_NUMBER_OBJECT_CONVERSION = YES_AGGRESSIVE;
				CLANG_CXX_LANGUAGE_STANDARD = "gnu++20";
				CLANG_ENABLE_MODULES = YES;
				CLANG_ENABLE_OBJC_ARC = YES;
				CLANG_ENABLE_OBJC_WEAK = YES;
				CLANG_WARN_BLOCK_CAPTURE_AUTORELEASING = YES;
				CLANG_WARN_BOOL_CONVERSION = YES;
				CLANG_WARN_COMMA = YES;
				CLANG_WARN_CONSTANT_CONVERSION = YES;
				CLANG_WARN_DEPRECATED_OBJC_IMPLEMENTATIONS = YES;
				CLANG_WARN_DIRECT_OBJC_ISA_USAGE = YES_ERROR;
				CLANG_WARN_DOCUMENTATION_COMMENTS = YES;
				CLANG_WARN_EMPTY_BODY = YES;
				CLANG_WARN_ENUM_CONVERSION = YES;
				CLANG_WARN_INFINITE_RECURSION = YES;
				CLANG_WARN_INT_CONVERSION = YES;
				CLANG_WARN_NON_LITERAL_NULL_CONVERSION = YES;
				CLANG_WARN_OBJC_IMPLICIT_RETAIN_SELF = YES;
				CLANG_WARN_OBJC_LITERAL_CONVERSION = YES;
				CLANG_WARN_OBJC_ROOT_CLASS = YES_ERROR;
				CLANG_WARN_QUOTED_INCLUDE_IN_FRAMEWORK_HEADER = YES;
				CLANG_WARN_RANGE_LOOP_ANALYSIS = YES;
				CLANG_WARN_STRICT_PROTOTYPES = YES;
				CLANG_WARN_SUSPICIOUS_MOVE = YES;
				CLANG_WARN_UNGUARDED_AVAILABILITY = YES_AGGRESSIVE;
				CLANG_WARN_UNREACHABLE_CODE = YES;
				CLANG_WARN__DUPLICATE_METHOD_MATCH = YES;
				COPY_PHASE_STRIP = NO;
				DEBUG_INFORMATION_FORMAT = "dwarf-with-dsym";
				ENABLE_NS_ASSERTIONS = NO;
				ENABLE_STRICT_OBJC_MSGSEND = YES;
				ENABLE_USER_SCRIPT_SANDBOXING = YES;
				GCC_C_LANGUAGE_STANDARD = gnu17;
				GCC_NO_COMMON_BLOCKS = YES;
				GCC_WARN_64_TO_32_BIT_CONVERSION = YES;
				GCC_WARN_ABOUT_RETURN_TYPE = YES_ERROR;
				GCC_WARN_UNDECLARED_SELECTOR = YES;
				GCC_WARN_UNINITIALIZED_AUTOS = YES_AGGRESSIVE;
				GCC_WARN_UNUSED_FUNCTION = YES;
				GCC_WARN_UNUSED_VARIABLE = YES;
				IPHONEOS_DEPLOYMENT_TARGET = 17.5;
				LOCALIZATION_PREFERS_STRING_CATALOGS = YES;
				MTL_ENABLE_DEBUG_INFO = NO;
				MTL_FAST_MATH = YES;
				SDKROOT = iphoneos;
				SWIFT_COMPILATION_MODE = wholemodule;
				VALIDATE_PRODUCT = YES;
			};
			name = Release;
		};
		74A77EEA2CE089C200F4C681 /* Debug */ = {
			isa = XCBuildConfiguration;
			buildSettings = {
				ASSETCATALOG_COMPILER_APPICON_NAME = AppIcon;
				ASSETCATALOG_COMPILER_GLOBAL_ACCENT_COLOR_NAME = AccentColor;
				CODE_SIGN_STYLE = Automatic;
				CURRENT_PROJECT_VERSION = 1;
				GENERATE_INFOPLIST_FILE = YES;
				INFOPLIST_FILE = MemberProject/Info.plist;
				INFOPLIST_KEY_UIApplicationSupportsIndirectInputEvents = YES;
				INFOPLIST_KEY_UILaunchStoryboardName = LaunchScreen;
				INFOPLIST_KEY_UISupportedInterfaceOrientations_iPad = "UIInterfaceOrientationPortrait UIInterfaceOrientationPortraitUpsideDown UIInterfaceOrientationLandscapeLeft UIInterfaceOrientationLandscapeRight";
				INFOPLIST_KEY_UISupportedInterfaceOrientations_iPhone = "UIInterfaceOrientationPortrait UIInterfaceOrientationLandscapeLeft UIInterfaceOrientationLandscapeRight";
				IPHONEOS_DEPLOYMENT_TARGET = 16.5;
				LD_RUNPATH_SEARCH_PATHS = (
					"$(inherited)",
					"@executable_path/Frameworks",
				);
				MARKETING_VERSION = 1.0;
				PRODUCT_BUNDLE_IDENTIFIER = com.wjstjd120.MemberProject;
				PRODUCT_NAME = "$(TARGET_NAME)";
				SWIFT_EMIT_LOC_STRINGS = YES;
				SWIFT_VERSION = 5.0;
				TARGETED_DEVICE_FAMILY = "1,2";
			};
			name = Debug;
		};
		74A77EEB2CE089C200F4C681 /* Release */ = {
			isa = XCBuildConfiguration;
			buildSettings = {
				ASSETCATALOG_COMPILER_APPICON_NAME = AppIcon;
				ASSETCATALOG_COMPILER_GLOBAL_ACCENT_COLOR_NAME = AccentColor;
				CODE_SIGN_STYLE = Automatic;
				CURRENT_PROJECT_VERSION = 1;
				GENERATE_INFOPLIST_FILE = YES;
				INFOPLIST_FILE = MemberProject/Info.plist;
				INFOPLIST_KEY_UIApplicationSupportsIndirectInputEvents = YES;
				INFOPLIST_KEY_UILaunchStoryboardName = LaunchScreen;
				INFOPLIST_KEY_UISupportedInterfaceOrientations_iPad = "UIInterfaceOrientationPortrait UIInterfaceOrientationPortraitUpsideDown UIInterfaceOrientationLandscapeLeft UIInterfaceOrientationLandscapeRight";
				INFOPLIST_KEY_UISupportedInterfaceOrientations_iPhone = "UIInterfaceOrientationPortrait UIInterfaceOrientationLandscapeLeft UIInterfaceOrientationLandscapeRight";
				IPHONEOS_DEPLOYMENT_TARGET = 16.5;
				LD_RUNPATH_SEARCH_PATHS = (
					"$(inherited)",
					"@executable_path/Frameworks",
				);
				MARKETING_VERSION = 1.0;
				PRODUCT_BUNDLE_IDENTIFIER = com.wjstjd120.MemberProject;
				PRODUCT_NAME = "$(TARGET_NAME)";
				SWIFT_EMIT_LOC_STRINGS = YES;
				SWIFT_VERSION = 5.0;
				TARGETED_DEVICE_FAMILY = "1,2";
			};
			name = Release;
		};
/* End XCBuildConfiguration section */

/* Begin XCConfigurationList section */
		74A77ED02CE089BF00F4C681 /* Build configuration list for PBXProject "MemberProject" */ = {
			isa = XCConfigurationList;
			buildConfigurations = (
				74A77EE72CE089C200F4C681 /* Debug */,
				74A77EE82CE089C200F4C681 /* Release */,
			);
			defaultConfigurationIsVisible = 0;
			defaultConfigurationName = Release;
		};
		74A77EE92CE089C200F4C681 /* Build configuration list for PBXNativeTarget "MemberProject" */ = {
			isa = XCConfigurationList;
			buildConfigurations = (
				74A77EEA2CE089C200F4C681 /* Debug */,
				74A77EEB2CE089C200F4C681 /* Release */,
			);
			defaultConfigurationIsVisible = 0;
			defaultConfigurationName = Release;
		};
/* End XCConfigurationList section */

/* Begin XCVersionGroup section */
		74A77EEC2CE0974A00F4C681 /* MemberCoreData.xcdatamodeld */ = {
			isa = XCVersionGroup;
			children = (
				74A77EED2CE0974A00F4C681 /* MemberCoreData.xcdatamodel */,
			);
			currentVersion = 74A77EED2CE0974A00F4C681 /* MemberCoreData.xcdatamodel */;
			name = MemberCoreData.xcdatamodeld;
			path = /Users/jeonseongjin/Documents/workspace/MemberProject/MemberProject/MemberCoreData.xcdatamodeld;
			sourceTree = "<group>";
			versionGroupType = wrapper.xcdatamodel;
		};
/* End XCVersionGroup section */
	};
	rootObject = 74A77ECD2CE089BF00F4C681 /* Project object */;
}
